
Microsoft Visual Studio Solution File, Format Version 12.00
# Visual Studio Version 17
VisualStudioVersion = 17.0.31903.59
MinimumVisualStudioVersion = 10.0.40219.1
Project("{2150E333-8FDC-42A3-9474-1A3956D46DE8}") = "src", "src", "{66F7476E-617E-459E-8728-340484373955}"
EndProject
Project("{FAE04EC0-301F-11D3-BF4B-00C04F79EFBC}") = "Gleeman.EffectiveLogger.MongoDB", "src\Gleeman.EffectiveLogger.MongoDB\Gleeman.EffectiveLogger.MongoDB.csproj", "{FD8D7215-87BD-4416-92B1-4F26CB007C9B}"
EndProject
Project("{2150E333-8FDC-42A3-9474-1A3956D46DE8}") = "test", "test", "{AEAC363E-A37C-4F42-94AE-150B096B68D5}"
EndProject
Project("{FAE04EC0-301F-11D3-BF4B-00C04F79EFBC}") = "Test.Api", "test\Test.Api\Test.Api.csproj", "{F57582E3-B8B1-4972-9038-E0585B6E0677}"
EndProject
Global
	GlobalSection(SolutionConfigurationPlatforms) = preSolution
		Debug|Any CPU = Debug|Any CPU
		Release|Any CPU = Release|Any CPU
	EndGlobalSection
	GlobalSection(ProjectConfigurationPlatforms) = postSolution
		{FD8D7215-87BD-4416-92B1-4F26CB007C9B}.Debug|Any CPU.ActiveCfg = Debug|Any CPU
		{FD8D7215-87BD-4416-92B1-4F26CB007C9B}.Debug|Any CPU.Build.0 = Debug|Any CPU
		{FD8D7215-87BD-4416-92B1-4F26CB007C9B}.Release|Any CPU.ActiveCfg = Release|Any CPU
		{FD8D7215-87BD-4416-92B1-4F26CB007C9B}.Release|Any CPU.Build.0 = Release|Any CPU
		{F57582E3-B8B1-4972-9038-E0585B6E0677}.Debug|Any CPU.ActiveCfg = Debug|Any CPU
		{F57582E3-B8B1-4972-9038-E0585B6E0677}.Debug|Any CPU.Build.0 = Debug|Any CPU
		{F57582E3-B8B1-4972-9038-E0585B6E0677}.Release|Any CPU.ActiveCfg = Release|Any CPU
		{F57582E3-B8B1-4972-9038-E0585B6E0677}.Release|Any CPU.Build.0 = Release|Any CPU
	EndGlobalSection
	GlobalSection(SolutionProperties) = preSolution
		HideSolutionNode = FALSE
	EndGlobalSection
	GlobalSection(NestedProjects) = preSolution
		{FD8D7215-87BD-4416-92B1-4F26CB007C9B} = {66F7476E-617E-459E-8728-340484373955}
		{F57582E3-B8B1-4972-9038-E0585B6E0677} = {AEAC363E-A37C-4F42-94AE-150B096B68D5}
	EndGlobalSection
	GlobalSection(ExtensibilityGlobals) = postSolution
		SolutionGuid = {8BD60B89-DB12-486B-8739-C936398CDA84}
	EndGlobalSection
EndGlobal
